
Microsoft Visual Studio Solution File, Format Version 12.00
# Visual Studio Version 17
VisualStudioVersion = 17.11.35219.272
MinimumVisualStudioVersion = 10.0.40219.1
Project("{FAE04EC0-301F-11D3-BF4B-00C04F79EFBC}") = "SPCookBook", "SPCookBook\SPCookBook.csproj", "{220E37C8-A1BB-4E1E-AFC4-BDB0C9CB086E}"
EndProject
Global
	GlobalSection(SolutionConfigurationPlatforms) = preSolution
		Debug|Any CPU = Debug|Any CPU
		Release|Any CPU = Release|Any CPU
	EndGlobalSection
	GlobalSection(ProjectConfigurationPlatforms) = postSolution
		{220E37C8-A1BB-4E1E-AFC4-BDB0C9CB086E}.Debug|Any CPU.ActiveCfg = Debug|Any CPU
		{220E37C8-A1BB-4E1E-AFC4-BDB0C9CB086E}.Debug|Any CPU.Build.0 = Debug|Any CPU
		{220E37C8-A1BB-4E1E-AFC4-BDB0C9CB086E}.Release|Any CPU.ActiveCfg = Release|Any CPU
		{220E37C8-A1BB-4E1E-AFC4-BDB0C9CB086E}.Release|Any CPU.Build.0 = Release|Any CPU
	EndGlobalSection
	GlobalSection(SolutionProperties) = preSolution
		HideSolutionNode = FALSE
	EndGlobalSection
	GlobalSection(ExtensibilityGlobals) = postSolution
		SolutionGuid = {1E7C5B46-D485-4762-8521-DE4AB11FC5CD}
	EndGlobalSection
EndGlobal
